{
  "version": 4,
  "terraform_version": "0.15.5",
  "serial": 107,
  "lineage": "79a0d99c-1f08-7efd-fca5-f977cf7056af",
  "outputs": {
    "db-address": {
      "value": "terraform-20210628221707601200000005.csfklxuktwcg.us-east-1.rds.amazonaws.com",
      "type": "string"
    },
    "db-id": {
      "value": "terraform-20210628221707601200000005",
      "type": "string"
    },
    "documentos-fs-dns_name": {
      "value": "fs-c9d6b37d.efs.us-east-1.amazonaws.com",
      "type": "string"
    },
    "documentos-fs-id": {
      "value": "fs-c9d6b37d",
      "type": "string"
    },
    "endpoint": {
      "value": "https://6E882A142B52F920E70FDA9048C02A8B.gr7.us-east-1.eks.amazonaws.com",
      "type": "string"
    },
    "kubeconfig-certificate-authority-data": {
      "value": "LS0tLS1CRUdJTiBDRVJUSUZJQ0FURS0tLS0tCk1JSUM1ekNDQWMrZ0F3SUJBZ0lCQURBTkJna3Foa2lHOXcwQkFRc0ZBREFWTVJNd0VRWURWUVFERXdwcmRXSmwKY201bGRHVnpNQjRYRFRJeE1EWXlPREl5TWpNek5Wb1hEVE14TURZeU5qSXlNak16TlZvd0ZURVRNQkVHQTFVRQpBeE1LYTNWaVpYSnVaWFJsY3pDQ0FTSXdEUVlKS29aSWh2Y05BUUVCQlFBRGdnRVBBRENDQVFvQ2dnRUJBTlJrCmRzSlRvVjRtR1RFYkQrelJDNTA0Z1JzVFl4VHBhWk8vWXJhVzMvVU8zZzZlalFWTEVjQ3JGWG5oRU9UekZMZzgKelpvTXU3WlJmWWhxOTNPMVhzYmhiQlVpdmhSdjltUTRYanhtb2RvckVmV0p0UG1OL3JRTGk0SEk3YmZTZ2pHVgptaGhZcW8ycWh0YnY3ZVdKbzVGSnBZbC9VbUdwUDNOM2dqSGVZYlF4SlNqZ0dLcEx1VTFoQUhUMjE5aEVrcFBTCnNjQlhvWSttVXJMNmZmSU8zdVhYUTFhQVZQbVIwR1MrNTg2Vk5GQkZLNnpUOTBsWHhrMVdrbjZrUEhmeFJKRlkKV2NEQmhhRjJiOTMvdWUrSG1qOXZxcUFPK3VzSm1aVVVCSzVvMnNWMFVlb1FHN3pHMllSaE12ZnZyREdRQjAzVQpVeERkMkJjWDcrc2xoTVVKNXI4Q0F3RUFBYU5DTUVBd0RnWURWUjBQQVFIL0JBUURBZ0trTUE4R0ExVWRFd0VCCi93UUZNQU1CQWY4d0hRWURWUjBPQkJZRUZDakIvRFBSbDVlNnRTSVJYVk1yNndoRXpmWTVNQTBHQ1NxR1NJYjMKRFFFQkN3VUFBNElCQVFCanQ3SWtGV2JEWGVDblN0L0g4bXU0NEttS1BPVHg5RVFNaWtLcDBFU1J0bVRvZHJudQprY2JRUWluOVZvQmloUTBDQWVrbU5JSnRUWDlxVDlFQ0NDZzJERGRaTzFjVzgydWlNY3c3M0U5TU52L2JyOFYrCnpLcnBTWVZsSmdTUTE1Z2xQWUxDUlV6N2Q5bGNRZXdocWdCTVJ1bUMzUCtDU29NekZwMHkwcW1rbU1xWGJKVDAKNE1iM0dxOWk0VmNKWnVpNU5CNFhYQlBXa3BKMFJkUXJKcnBUU1cwVW5UME51Um1IQ1BjQ1Q2alJJWHV3dkdxdgoyaTA5VFN6Mk04VzBmQnhsYi82cnNGOCtUNm1FcFIrMmRFUFVSNnVhVFdmalFPYWNTdE1WcndRNkZ4bjBuSGN6ClhCOWZCSEFWNmNsdDNOSEswT2hKcWN3WWdRczBXVE5WRVVMSAotLS0tLUVORCBDRVJUSUZJQ0FURS0tLS0tCg==",
      "type": "string"
    }
  },
  "resources": [
    {
      "mode": "managed",
      "type": "aws_db_instance",
      "name": "dbobligatorio",
      "provider": "provider[\"registry.terraform.io/hashicorp/aws\"]",
      "instances": [
        {
          "schema_version": 1,
          "attributes": {
            "address": "terraform-20210628221707601200000005.csfklxuktwcg.us-east-1.rds.amazonaws.com",
            "allocated_storage": 10,
            "allow_major_version_upgrade": null,
            "apply_immediately": true,
            "arn": "arn:aws:rds:us-east-1:254753841475:db:terraform-20210628221707601200000005",
            "auto_minor_version_upgrade": true,
            "availability_zone": "us-east-1a",
            "backup_retention_period": 7,
            "backup_window": "00:00-00:50",
            "ca_cert_identifier": "rds-ca-2019",
            "character_set_name": null,
            "copy_tags_to_snapshot": false,
            "db_subnet_group_name": "subnet_db",
            "delete_automated_backups": true,
            "deletion_protection": false,
            "domain": "",
            "domain_iam_role_name": "",
            "enabled_cloudwatch_logs_exports": [],
            "endpoint": "terraform-20210628221707601200000005.csfklxuktwcg.us-east-1.rds.amazonaws.com:3306",
            "engine": "mysql",
            "engine_version": "5.7.26",
            "final_snapshot_identifier": null,
            "hosted_zone_id": "Z2R2ITUGPM61AM",
            "iam_database_authentication_enabled": false,
            "id": "terraform-20210628221707601200000005",
            "identifier": "terraform-20210628221707601200000005",
            "identifier_prefix": null,
            "instance_class": "db.t3.micro",
            "iops": 0,
            "kms_key_id": "",
            "latest_restorable_time": "2021-06-29T00:40:00Z",
            "license_model": "general-public-license",
            "maintenance_window": "sat:01:00-sat:04:00",
            "max_allocated_storage": 0,
            "monitoring_interval": 0,
            "monitoring_role_arn": "",
            "multi_az": false,
            "name": "dbobligatorio",
            "option_group_name": "default:mysql-5-7",
            "parameter_group_name": "default.mysql5.7",
            "password": "passwordort",
            "performance_insights_enabled": false,
            "performance_insights_kms_key_id": "",
            "performance_insights_retention_period": 0,
            "port": 3306,
            "publicly_accessible": false,
            "replicas": [],
            "replicate_source_db": "",
            "resource_id": "db-VKQCUWCDBDXP6I2FVILLIMNXMY",
            "restore_to_point_in_time": [],
            "s3_import": [],
            "security_group_names": [],
            "skip_final_snapshot": true,
            "snapshot_identifier": null,
            "status": "available",
            "storage_encrypted": false,
            "storage_type": "gp2",
            "tags": {},
            "tags_all": {},
            "timeouts": null,
            "timezone": "",
            "username": "ort",
            "vpc_security_group_ids": [
              "sg-078f12d9eba13b17c"
            ]
          },
          "sensitive_attributes": [],
          "private": "eyJlMmJmYjczMC1lY2FhLTExZTYtOGY4OC0zNDM2M2JjN2M0YzAiOnsiY3JlYXRlIjoyNDAwMDAwMDAwMDAwLCJkZWxldGUiOjM2MDAwMDAwMDAwMDAsInVwZGF0ZSI6NDgwMDAwMDAwMDAwMH0sInNjaGVtYV92ZXJzaW9uIjoiMSJ9",
          "dependencies": [
            "aws_security_group.eks-sg",
            "aws_security_group.rds-sg",
            "aws_subnet.vpc-subnet-us-east-1a",
            "aws_subnet.vpc-subnet-us-east-1b",
            "aws_vpc.VPC_obligatorio",
            "aws_db_subnet_group.subnet_db"
          ]
        }
      ]
    },
    {
      "mode": "managed",
      "type": "aws_db_subnet_group",
      "name": "subnet_db",
      "provider": "provider[\"registry.terraform.io/hashicorp/aws\"]",
      "instances": [
        {
          "schema_version": 0,
          "attributes": {
            "arn": "arn:aws:rds:us-east-1:254753841475:subgrp:subnet_db",
            "description": "Managed by Terraform",
            "id": "subnet_db",
            "name": "subnet_db",
            "name_prefix": null,
            "subnet_ids": [
              "subnet-0550f71c4ff484b8e",
              "subnet-0eeb04fbe20a895a6"
            ],
            "tags": {
              "Name": "dbobligatorio"
            },
            "tags_all": {
              "Name": "dbobligatorio"
            }
          },
          "sensitive_attributes": [],
          "private": "bnVsbA==",
          "dependencies": [
            "aws_vpc.VPC_obligatorio",
            "aws_subnet.vpc-subnet-us-east-1a",
            "aws_subnet.vpc-subnet-us-east-1b"
          ]
        }
      ]
    },
    {
      "mode": "managed",
      "type": "aws_default_route_table",
      "name": "obligatorio-rt",
      "provider": "provider[\"registry.terraform.io/hashicorp/aws\"]",
      "instances": [
        {
          "schema_version": 0,
          "attributes": {
            "arn": "arn:aws:ec2:us-east-1:254753841475:route-table/rtb-08a123321f59be29f",
            "default_route_table_id": "rtb-08a123321f59be29f",
            "id": "rtb-08a123321f59be29f",
            "owner_id": "254753841475",
            "propagating_vgws": [],
            "route": [
              {
                "cidr_block": "0.0.0.0/0",
                "destination_prefix_list_id": "",
                "egress_only_gateway_id": "",
                "gateway_id": "igw-0b99942125972d0cb",
                "instance_id": "",
                "ipv6_cidr_block": "",
                "nat_gateway_id": "",
                "network_interface_id": "",
                "transit_gateway_id": "",
                "vpc_endpoint_id": "",
                "vpc_peering_connection_id": ""
              }
            ],
            "tags": {
              "Name": "Salida a internet"
            },
            "tags_all": {
              "Name": "Salida a internet"
            },
            "vpc_id": "vpc-0c016b43fdd3c6941"
          },
          "sensitive_attributes": [],
          "private": "bnVsbA==",
          "dependencies": [
            "aws_internet_gateway.ig_obligatorio",
            "aws_vpc.VPC_obligatorio"
          ]
        }
      ]
    },
    {
      "mode": "managed",
      "type": "aws_efs_file_system",
      "name": "documentos-fs",
      "provider": "provider[\"registry.terraform.io/hashicorp/aws\"]",
      "instances": [
        {
          "schema_version": 0,
          "attributes": {
            "arn": "arn:aws:elasticfilesystem:us-east-1:254753841475:file-system/fs-c9d6b37d",
            "availability_zone_id": "",
            "availability_zone_name": "",
            "creation_token": "documentos-fs",
            "dns_name": "fs-c9d6b37d.efs.us-east-1.amazonaws.com",
            "encrypted": false,
            "id": "fs-c9d6b37d",
            "kms_key_id": "",
            "lifecycle_policy": [],
            "number_of_mount_targets": 2,
            "owner_id": "254753841475",
            "performance_mode": "generalPurpose",
            "provisioned_throughput_in_mibps": 0,
            "size_in_bytes": [
              {
                "value": 6144,
                "value_in_ia": 0,
                "value_in_standard": 6144
              }
            ],
            "tags": {
              "Name": "documentos-fs"
            },
            "tags_all": {
              "Name": "documentos-fs"
            },
            "throughput_mode": "bursting"
          },
          "sensitive_attributes": [],
          "private": "bnVsbA=="
        }
      ]
    },
    {
      "mode": "managed",
      "type": "aws_efs_mount_target",
      "name": "documentos-1a",
      "provider": "provider[\"registry.terraform.io/hashicorp/aws\"]",
      "instances": [
        {
          "schema_version": 0,
          "attributes": {
            "availability_zone_id": "use1-az2",
            "availability_zone_name": "us-east-1a",
            "dns_name": "fs-c9d6b37d.efs.us-east-1.amazonaws.com",
            "file_system_arn": "arn:aws:elasticfilesystem:us-east-1:254753841475:file-system/fs-c9d6b37d",
            "file_system_id": "fs-c9d6b37d",
            "id": "fsmt-ee69e25b",
            "ip_address": "172.16.1.202",
            "mount_target_dns_name": "us-east-1a.fs-c9d6b37d.efs.us-east-1.amazonaws.com",
            "network_interface_id": "eni-09d0188b33951c32c",
            "owner_id": "254753841475",
            "security_groups": [
              "sg-04ec0790bd347f237"
            ],
            "subnet_id": "subnet-0eeb04fbe20a895a6"
          },
          "sensitive_attributes": [],
          "private": "bnVsbA==",
          "dependencies": [
            "aws_efs_file_system.documentos-fs",
            "aws_security_group.eks-sg",
            "aws_subnet.vpc-subnet-us-east-1a",
            "aws_vpc.VPC_obligatorio"
          ]
        }
      ]
    },
    {
      "mode": "managed",
      "type": "aws_efs_mount_target",
      "name": "documentos-1b",
      "provider": "provider[\"registry.terraform.io/hashicorp/aws\"]",
      "instances": [
        {
          "schema_version": 0,
          "attributes": {
            "availability_zone_id": "use1-az4",
            "availability_zone_name": "us-east-1b",
            "dns_name": "fs-c9d6b37d.efs.us-east-1.amazonaws.com",
            "file_system_arn": "arn:aws:elasticfilesystem:us-east-1:254753841475:file-system/fs-c9d6b37d",
            "file_system_id": "fs-c9d6b37d",
            "id": "fsmt-ec69e259",
            "ip_address": "172.16.2.12",
            "mount_target_dns_name": "us-east-1b.fs-c9d6b37d.efs.us-east-1.amazonaws.com",
            "network_interface_id": "eni-05048f0eb6a42872b",
            "owner_id": "254753841475",
            "security_groups": [
              "sg-04ec0790bd347f237"
            ],
            "subnet_id": "subnet-0550f71c4ff484b8e"
          },
          "sensitive_attributes": [],
          "private": "bnVsbA==",
          "dependencies": [
            "aws_subnet.vpc-subnet-us-east-1b",
            "aws_vpc.VPC_obligatorio",
            "aws_efs_file_system.documentos-fs",
            "aws_security_group.eks-sg"
          ]
        }
      ]
    },
    {
      "mode": "managed",
      "type": "aws_eks_cluster",
      "name": "app-cluster",
      "provider": "provider[\"registry.terraform.io/hashicorp/aws\"]",
      "instances": [
        {
          "schema_version": 0,
          "attributes": {
            "arn": "arn:aws:eks:us-east-1:254753841475:cluster/app-cluster",
            "certificate_authority": [
              {
                "data": "LS0tLS1CRUdJTiBDRVJUSUZJQ0FURS0tLS0tCk1JSUM1ekNDQWMrZ0F3SUJBZ0lCQURBTkJna3Foa2lHOXcwQkFRc0ZBREFWTVJNd0VRWURWUVFERXdwcmRXSmwKY201bGRHVnpNQjRYRFRJeE1EWXlPREl5TWpNek5Wb1hEVE14TURZeU5qSXlNak16TlZvd0ZURVRNQkVHQTFVRQpBeE1LYTNWaVpYSnVaWFJsY3pDQ0FTSXdEUVlKS29aSWh2Y05BUUVCQlFBRGdnRVBBRENDQVFvQ2dnRUJBTlJrCmRzSlRvVjRtR1RFYkQrelJDNTA0Z1JzVFl4VHBhWk8vWXJhVzMvVU8zZzZlalFWTEVjQ3JGWG5oRU9UekZMZzgKelpvTXU3WlJmWWhxOTNPMVhzYmhiQlVpdmhSdjltUTRYanhtb2RvckVmV0p0UG1OL3JRTGk0SEk3YmZTZ2pHVgptaGhZcW8ycWh0YnY3ZVdKbzVGSnBZbC9VbUdwUDNOM2dqSGVZYlF4SlNqZ0dLcEx1VTFoQUhUMjE5aEVrcFBTCnNjQlhvWSttVXJMNmZmSU8zdVhYUTFhQVZQbVIwR1MrNTg2Vk5GQkZLNnpUOTBsWHhrMVdrbjZrUEhmeFJKRlkKV2NEQmhhRjJiOTMvdWUrSG1qOXZxcUFPK3VzSm1aVVVCSzVvMnNWMFVlb1FHN3pHMllSaE12ZnZyREdRQjAzVQpVeERkMkJjWDcrc2xoTVVKNXI4Q0F3RUFBYU5DTUVBd0RnWURWUjBQQVFIL0JBUURBZ0trTUE4R0ExVWRFd0VCCi93UUZNQU1CQWY4d0hRWURWUjBPQkJZRUZDakIvRFBSbDVlNnRTSVJYVk1yNndoRXpmWTVNQTBHQ1NxR1NJYjMKRFFFQkN3VUFBNElCQVFCanQ3SWtGV2JEWGVDblN0L0g4bXU0NEttS1BPVHg5RVFNaWtLcDBFU1J0bVRvZHJudQprY2JRUWluOVZvQmloUTBDQWVrbU5JSnRUWDlxVDlFQ0NDZzJERGRaTzFjVzgydWlNY3c3M0U5TU52L2JyOFYrCnpLcnBTWVZsSmdTUTE1Z2xQWUxDUlV6N2Q5bGNRZXdocWdCTVJ1bUMzUCtDU29NekZwMHkwcW1rbU1xWGJKVDAKNE1iM0dxOWk0VmNKWnVpNU5CNFhYQlBXa3BKMFJkUXJKcnBUU1cwVW5UME51Um1IQ1BjQ1Q2alJJWHV3dkdxdgoyaTA5VFN6Mk04VzBmQnhsYi82cnNGOCtUNm1FcFIrMmRFUFVSNnVhVFdmalFPYWNTdE1WcndRNkZ4bjBuSGN6ClhCOWZCSEFWNmNsdDNOSEswT2hKcWN3WWdRczBXVE5WRVVMSAotLS0tLUVORCBDRVJUSUZJQ0FURS0tLS0tCg=="
              }
            ],
            "created_at": "2021-06-28 22:17:09.046 +0000 UTC",
            "enabled_cluster_log_types": [],
            "encryption_config": [],
            "endpoint": "https://6E882A142B52F920E70FDA9048C02A8B.gr7.us-east-1.eks.amazonaws.com",
            "id": "app-cluster",
            "identity": [
              {
                "oidc": [
                  {
                    "issuer": "https://oidc.eks.us-east-1.amazonaws.com/id/6E882A142B52F920E70FDA9048C02A8B"
                  }
                ]
              }
            ],
            "kubernetes_network_config": [
              {
                "service_ipv4_cidr": "10.100.0.0/16"
              }
            ],
            "name": "app-cluster",
            "platform_version": "eks.5",
            "role_arn": "arn:aws:iam::254753841475:role/eksClusterRole",
            "status": "ACTIVE",
            "tags": {},
            "tags_all": {},
            "timeouts": null,
            "version": "1.19",
            "vpc_config": [
              {
                "cluster_security_group_id": "sg-05ac57af4c0c077c8",
                "endpoint_private_access": false,
                "endpoint_public_access": true,
                "public_access_cidrs": [
                  "0.0.0.0/0"
                ],
                "security_group_ids": [],
                "subnet_ids": [
                  "subnet-0550f71c4ff484b8e",
                  "subnet-0eeb04fbe20a895a6"
                ],
                "vpc_id": "vpc-0c016b43fdd3c6941"
              }
            ]
          },
          "sensitive_attributes": [],
          "private": "eyJlMmJmYjczMC1lY2FhLTExZTYtOGY4OC0zNDM2M2JjN2M0YzAiOnsiY3JlYXRlIjoxODAwMDAwMDAwMDAwLCJkZWxldGUiOjkwMDAwMDAwMDAwMCwidXBkYXRlIjozNjAwMDAwMDAwMDAwfX0=",
          "dependencies": [
            "aws_subnet.vpc-subnet-us-east-1b",
            "aws_vpc.VPC_obligatorio",
            "aws_iam_role.eksClusterRole",
            "aws_iam_role_policy_attachment.eksClusterRole-AmazonEKSClusterPolicy",
            "aws_subnet.vpc-subnet-us-east-1a"
          ]
        }
      ]
    },
    {
      "mode": "managed",
      "type": "aws_eks_node_group",
      "name": "eksWorker",
      "provider": "provider[\"registry.terraform.io/hashicorp/aws\"]",
      "instances": [
        {
          "schema_version": 0,
          "attributes": {
            "ami_type": "AL2_x86_64",
            "arn": "arn:aws:eks:us-east-1:254753841475:nodegroup/app-cluster/eksWorker/3abd2a5e-4270-3ce2-e0db-0e8bed205376",
            "capacity_type": "ON_DEMAND",
            "cluster_name": "app-cluster",
            "disk_size": 20,
            "force_update_version": null,
            "id": "app-cluster:eksWorker",
            "instance_types": [
              "t3.medium"
            ],
            "labels": {},
            "launch_template": [],
            "node_group_name": "eksWorker",
            "node_group_name_prefix": "",
            "node_role_arn": "arn:aws:iam::254753841475:role/eksWorkerRole",
            "release_version": "1.19.6-20210621",
            "remote_access": [],
            "resources": [
              {
                "autoscaling_groups": [
                  {
                    "name": "eks-3abd2a5e-4270-3ce2-e0db-0e8bed205376"
                  }
                ],
                "remote_access_security_group_id": ""
              }
            ],
            "scaling_config": [
              {
                "desired_size": 2,
                "max_size": 2,
                "min_size": 2
              }
            ],
            "status": "ACTIVE",
            "subnet_ids": [
              "subnet-0550f71c4ff484b8e",
              "subnet-0eeb04fbe20a895a6"
            ],
            "tags": {},
            "tags_all": {},
            "taint": [],
            "timeouts": null,
            "version": "1.19"
          },
          "sensitive_attributes": [],
          "private": "eyJlMmJmYjczMC1lY2FhLTExZTYtOGY4OC0zNDM2M2JjN2M0YzAiOnsiY3JlYXRlIjozNjAwMDAwMDAwMDAwLCJkZWxldGUiOjM2MDAwMDAwMDAwMDAsInVwZGF0ZSI6MzYwMDAwMDAwMDAwMH19",
          "dependencies": [
            "aws_eks_cluster.app-cluster",
            "aws_iam_role.eksClusterRole",
            "aws_iam_role.eksWorkerRole",
            "aws_iam_role_policy_attachment.eksWorkerRole-AmazonEC2ContainerRegistryReadOnly",
            "aws_subnet.vpc-subnet-us-east-1a",
            "aws_subnet.vpc-subnet-us-east-1b",
            "aws_iam_role_policy_attachment.eksClusterRole-AmazonEKSClusterPolicy",
            "aws_iam_role_policy_attachment.eksWorkerRole-AmazonEKSWorkerNodePolicy",
            "aws_iam_role_policy_attachment.eksWorkerRole-AmazonEKS_CNI_Policy",
            "aws_vpc.VPC_obligatorio"
          ]
        }
      ]
    },
    {
      "mode": "managed",
      "type": "aws_iam_role",
      "name": "eksClusterRole",
      "provider": "provider[\"registry.terraform.io/hashicorp/aws\"]",
      "instances": [
        {
          "schema_version": 0,
          "attributes": {
            "arn": "arn:aws:iam::254753841475:role/eksClusterRole",
            "assume_role_policy": "{\"Version\":\"2012-10-17\",\"Statement\":[{\"Effect\":\"Allow\",\"Principal\":{\"Service\":\"eks.amazonaws.com\"},\"Action\":\"sts:AssumeRole\"}]}",
            "create_date": "2021-06-28T22:16:46Z",
            "description": "",
            "force_detach_policies": false,
            "id": "eksClusterRole",
            "inline_policy": [
              {
                "name": "",
                "policy": ""
              }
            ],
            "managed_policy_arns": [
              "arn:aws:iam::aws:policy/AmazonEKSClusterPolicy"
            ],
            "max_session_duration": 3600,
            "name": "eksClusterRole",
            "name_prefix": null,
            "path": "/",
            "permissions_boundary": null,
            "tags": {},
            "tags_all": {},
            "unique_id": "AROATWUEDEFBSLZT4SIMF"
          },
          "sensitive_attributes": [],
          "private": "bnVsbA=="
        }
      ]
    },
    {
      "mode": "managed",
      "type": "aws_iam_role",
      "name": "eksWorkerRole",
      "provider": "provider[\"registry.terraform.io/hashicorp/aws\"]",
      "instances": [
        {
          "schema_version": 0,
          "attributes": {
            "arn": "arn:aws:iam::254753841475:role/eksWorkerRole",
            "assume_role_policy": "{\"Version\":\"2012-10-17\",\"Statement\":[{\"Effect\":\"Allow\",\"Principal\":{\"Service\":\"ec2.amazonaws.com\"},\"Action\":\"sts:AssumeRole\"}]}",
            "create_date": "2021-06-28T22:16:46Z",
            "description": "",
            "force_detach_policies": false,
            "id": "eksWorkerRole",
            "inline_policy": [
              {
                "name": "",
                "policy": ""
              }
            ],
            "managed_policy_arns": [
              "arn:aws:iam::aws:policy/AmazonEC2ContainerRegistryReadOnly",
              "arn:aws:iam::aws:policy/AmazonEKSWorkerNodePolicy",
              "arn:aws:iam::aws:policy/AmazonEKS_CNI_Policy"
            ],
            "max_session_duration": 3600,
            "name": "eksWorkerRole",
            "name_prefix": null,
            "path": "/",
            "permissions_boundary": null,
            "tags": {},
            "tags_all": {},
            "unique_id": "AROATWUEDEFB6B6EPRSXX"
          },
          "sensitive_attributes": [],
          "private": "bnVsbA=="
        }
      ]
    },
    {
      "mode": "managed",
      "type": "aws_iam_role_policy_attachment",
      "name": "eksClusterRole-AmazonEKSClusterPolicy",
      "provider": "provider[\"registry.terraform.io/hashicorp/aws\"]",
      "instances": [
        {
          "schema_version": 0,
          "attributes": {
            "id": "eksClusterRole-20210628221646418200000001",
            "policy_arn": "arn:aws:iam::aws:policy/AmazonEKSClusterPolicy",
            "role": "eksClusterRole"
          },
          "sensitive_attributes": [],
          "private": "bnVsbA==",
          "dependencies": [
            "aws_iam_role.eksClusterRole"
          ]
        }
      ]
    },
    {
      "mode": "managed",
      "type": "aws_iam_role_policy_attachment",
      "name": "eksWorkerRole-AmazonEC2ContainerRegistryReadOnly",
      "provider": "provider[\"registry.terraform.io/hashicorp/aws\"]",
      "instances": [
        {
          "schema_version": 0,
          "attributes": {
            "id": "eksWorkerRole-20210628221646421600000002",
            "policy_arn": "arn:aws:iam::aws:policy/AmazonEC2ContainerRegistryReadOnly",
            "role": "eksWorkerRole"
          },
          "sensitive_attributes": [],
          "private": "bnVsbA==",
          "dependencies": [
            "aws_iam_role.eksWorkerRole"
          ]
        }
      ]
    },
    {
      "mode": "managed",
      "type": "aws_iam_role_policy_attachment",
      "name": "eksWorkerRole-AmazonEKSWorkerNodePolicy",
      "provider": "provider[\"registry.terraform.io/hashicorp/aws\"]",
      "instances": [
        {
          "schema_version": 0,
          "attributes": {
            "id": "eksWorkerRole-20210628221646421900000003",
            "policy_arn": "arn:aws:iam::aws:policy/AmazonEKSWorkerNodePolicy",
            "role": "eksWorkerRole"
          },
          "sensitive_attributes": [],
          "private": "bnVsbA==",
          "dependencies": [
            "aws_iam_role.eksWorkerRole"
          ]
        }
      ]
    },
    {
      "mode": "managed",
      "type": "aws_iam_role_policy_attachment",
      "name": "eksWorkerRole-AmazonEKS_CNI_Policy",
      "provider": "provider[\"registry.terraform.io/hashicorp/aws\"]",
      "instances": [
        {
          "schema_version": 0,
          "attributes": {
            "id": "eksWorkerRole-20210628221646427400000004",
            "policy_arn": "arn:aws:iam::aws:policy/AmazonEKS_CNI_Policy",
            "role": "eksWorkerRole"
          },
          "sensitive_attributes": [],
          "private": "bnVsbA==",
          "dependencies": [
            "aws_iam_role.eksWorkerRole"
          ]
        }
      ]
    },
    {
      "mode": "managed",
      "type": "aws_internet_gateway",
      "name": "ig_obligatorio",
      "provider": "provider[\"registry.terraform.io/hashicorp/aws\"]",
      "instances": [
        {
          "schema_version": 0,
          "attributes": {
            "arn": "arn:aws:ec2:us-east-1:254753841475:internet-gateway/igw-0b99942125972d0cb",
            "id": "igw-0b99942125972d0cb",
            "owner_id": "254753841475",
            "tags": {},
            "tags_all": {},
            "vpc_id": "vpc-0c016b43fdd3c6941"
          },
          "sensitive_attributes": [],
          "private": "bnVsbA==",
          "dependencies": [
            "aws_vpc.VPC_obligatorio"
          ]
        }
      ]
    },
    {
      "mode": "managed",
      "type": "aws_security_group",
      "name": "eks-sg",
      "provider": "provider[\"registry.terraform.io/hashicorp/aws\"]",
      "instances": [
        {
          "schema_version": 1,
          "attributes": {
            "arn": "arn:aws:ec2:us-east-1:254753841475:security-group/sg-04ec0790bd347f237",
            "description": "HTTP from internet",
            "egress": [
              {
                "cidr_blocks": [
                  "0.0.0.0/0"
                ],
                "description": "",
                "from_port": 0,
                "ipv6_cidr_blocks": [
                  "::/0"
                ],
                "prefix_list_ids": [],
                "protocol": "-1",
                "security_groups": [],
                "self": false,
                "to_port": 0
              }
            ],
            "id": "sg-04ec0790bd347f237",
            "ingress": [
              {
                "cidr_blocks": [
                  "0.0.0.0/0"
                ],
                "description": "HTTP from internet",
                "from_port": 80,
                "ipv6_cidr_blocks": [],
                "prefix_list_ids": [],
                "protocol": "tcp",
                "security_groups": [],
                "self": false,
                "to_port": 80
              }
            ],
            "name": "eks-sg",
            "name_prefix": "",
            "owner_id": "254753841475",
            "revoke_rules_on_delete": false,
            "tags": {
              "Name": "eks-sg"
            },
            "tags_all": {
              "Name": "eks-sg"
            },
            "timeouts": null,
            "vpc_id": "vpc-0c016b43fdd3c6941"
          },
          "sensitive_attributes": [],
          "private": "eyJlMmJmYjczMC1lY2FhLTExZTYtOGY4OC0zNDM2M2JjN2M0YzAiOnsiY3JlYXRlIjo2MDAwMDAwMDAwMDAsImRlbGV0ZSI6OTAwMDAwMDAwMDAwfSwic2NoZW1hX3ZlcnNpb24iOiIxIn0=",
          "dependencies": [
            "aws_vpc.VPC_obligatorio"
          ]
        }
      ]
    },
    {
      "mode": "managed",
      "type": "aws_security_group",
      "name": "rds-sg",
      "provider": "provider[\"registry.terraform.io/hashicorp/aws\"]",
      "instances": [
        {
          "schema_version": 1,
          "attributes": {
            "arn": "arn:aws:ec2:us-east-1:254753841475:security-group/sg-078f12d9eba13b17c",
            "description": "Allow mysql inbound traffic",
            "egress": [
              {
                "cidr_blocks": [
                  "0.0.0.0/0"
                ],
                "description": "",
                "from_port": 0,
                "ipv6_cidr_blocks": [
                  "::/0"
                ],
                "prefix_list_ids": [],
                "protocol": "-1",
                "security_groups": [],
                "self": false,
                "to_port": 0
              }
            ],
            "id": "sg-078f12d9eba13b17c",
            "ingress": [
              {
                "cidr_blocks": [],
                "description": "mysql from kubernetes",
                "from_port": 3306,
                "ipv6_cidr_blocks": [],
                "prefix_list_ids": [],
                "protocol": "tcp",
                "security_groups": [
                  "sg-04ec0790bd347f237"
                ],
                "self": false,
                "to_port": 3306
              }
            ],
            "name": "rds-sg",
            "name_prefix": "",
            "owner_id": "254753841475",
            "revoke_rules_on_delete": false,
            "tags": {
              "Name": "rds-sg"
            },
            "tags_all": {
              "Name": "rds-sg"
            },
            "timeouts": null,
            "vpc_id": "vpc-0c016b43fdd3c6941"
          },
          "sensitive_attributes": [],
          "private": "eyJlMmJmYjczMC1lY2FhLTExZTYtOGY4OC0zNDM2M2JjN2M0YzAiOnsiY3JlYXRlIjo2MDAwMDAwMDAwMDAsImRlbGV0ZSI6OTAwMDAwMDAwMDAwfSwic2NoZW1hX3ZlcnNpb24iOiIxIn0=",
          "dependencies": [
            "aws_security_group.eks-sg",
            "aws_vpc.VPC_obligatorio"
          ]
        }
      ]
    },
    {
      "mode": "managed",
      "type": "aws_subnet",
      "name": "vpc-subnet-us-east-1a",
      "provider": "provider[\"registry.terraform.io/hashicorp/aws\"]",
      "instances": [
        {
          "schema_version": 1,
          "attributes": {
            "arn": "arn:aws:ec2:us-east-1:254753841475:subnet/subnet-0eeb04fbe20a895a6",
            "assign_ipv6_address_on_creation": false,
            "availability_zone": "us-east-1a",
            "availability_zone_id": "use1-az2",
            "cidr_block": "172.16.1.0/24",
            "customer_owned_ipv4_pool": "",
            "id": "subnet-0eeb04fbe20a895a6",
            "ipv6_cidr_block": "",
            "ipv6_cidr_block_association_id": "",
            "map_customer_owned_ip_on_launch": false,
            "map_public_ip_on_launch": true,
            "outpost_arn": "",
            "owner_id": "254753841475",
            "tags": {
              "Name": "VPC US-East-1a",
              "resource": "kubernetes.io/cluster/app-cluster"
            },
            "tags_all": {
              "Name": "VPC US-East-1a",
              "resource": "kubernetes.io/cluster/app-cluster"
            },
            "timeouts": null,
            "vpc_id": "vpc-0c016b43fdd3c6941"
          },
          "sensitive_attributes": [],
          "private": "eyJlMmJmYjczMC1lY2FhLTExZTYtOGY4OC0zNDM2M2JjN2M0YzAiOnsiY3JlYXRlIjo2MDAwMDAwMDAwMDAsImRlbGV0ZSI6MTIwMDAwMDAwMDAwMH0sInNjaGVtYV92ZXJzaW9uIjoiMSJ9",
          "dependencies": [
            "aws_vpc.VPC_obligatorio"
          ]
        }
      ]
    },
    {
      "mode": "managed",
      "type": "aws_subnet",
      "name": "vpc-subnet-us-east-1b",
      "provider": "provider[\"registry.terraform.io/hashicorp/aws\"]",
      "instances": [
        {
          "schema_version": 1,
          "attributes": {
            "arn": "arn:aws:ec2:us-east-1:254753841475:subnet/subnet-0550f71c4ff484b8e",
            "assign_ipv6_address_on_creation": false,
            "availability_zone": "us-east-1b",
            "availability_zone_id": "use1-az4",
            "cidr_block": "172.16.2.0/24",
            "customer_owned_ipv4_pool": "",
            "id": "subnet-0550f71c4ff484b8e",
            "ipv6_cidr_block": "",
            "ipv6_cidr_block_association_id": "",
            "map_customer_owned_ip_on_launch": false,
            "map_public_ip_on_launch": true,
            "outpost_arn": "",
            "owner_id": "254753841475",
            "tags": {
              "Name": "VPC US-east-1b",
              "resource": "kubernetes.io/cluster/app-cluster"
            },
            "tags_all": {
              "Name": "VPC US-east-1b",
              "resource": "kubernetes.io/cluster/app-cluster"
            },
            "timeouts": null,
            "vpc_id": "vpc-0c016b43fdd3c6941"
          },
          "sensitive_attributes": [],
          "private": "eyJlMmJmYjczMC1lY2FhLTExZTYtOGY4OC0zNDM2M2JjN2M0YzAiOnsiY3JlYXRlIjo2MDAwMDAwMDAwMDAsImRlbGV0ZSI6MTIwMDAwMDAwMDAwMH0sInNjaGVtYV92ZXJzaW9uIjoiMSJ9",
          "dependencies": [
            "aws_vpc.VPC_obligatorio"
          ]
        }
      ]
    },
    {
      "mode": "managed",
      "type": "aws_vpc",
      "name": "VPC_obligatorio",
      "provider": "provider[\"registry.terraform.io/hashicorp/aws\"]",
      "instances": [
        {
          "schema_version": 1,
          "attributes": {
            "arn": "arn:aws:ec2:us-east-1:254753841475:vpc/vpc-0c016b43fdd3c6941",
            "assign_generated_ipv6_cidr_block": false,
            "cidr_block": "172.16.0.0/16",
            "default_network_acl_id": "acl-080c87863172e6d8b",
            "default_route_table_id": "rtb-08a123321f59be29f",
            "default_security_group_id": "sg-06a5c4cbecc7ec802",
            "dhcp_options_id": "dopt-acd586d6",
            "enable_classiclink": false,
            "enable_classiclink_dns_support": false,
            "enable_dns_hostnames": false,
            "enable_dns_support": true,
            "id": "vpc-0c016b43fdd3c6941",
            "instance_tenancy": "default",
            "ipv6_association_id": "",
            "ipv6_cidr_block": "",
            "main_route_table_id": "rtb-08a123321f59be29f",
            "owner_id": "254753841475",
            "tags": {},
            "tags_all": {}
          },
          "sensitive_attributes": [],
          "private": "eyJzY2hlbWFfdmVyc2lvbiI6IjEifQ=="
        }
      ]
    }
  ]
}
