{
  "version": 4,
  "terraform_version": "0.15.5",
  "serial": 94,
  "lineage": "91540b65-0c4e-cdb0-8903-3ab60a2b66ef",
  "outputs": {},
  "resources": [
    {
      "mode": "data",
      "type": "aws_db_instance",
      "name": "dbobligatorio",
      "provider": "provider[\"registry.terraform.io/hashicorp/aws\"]",
      "instances": [
        {
          "schema_version": 0,
          "attributes": {
            "address": "terraform-20210628221707601200000005.csfklxuktwcg.us-east-1.rds.amazonaws.com",
            "allocated_storage": 10,
            "auto_minor_version_upgrade": true,
            "availability_zone": "us-east-1a",
            "backup_retention_period": 7,
            "ca_cert_identifier": "rds-ca-2019",
            "db_cluster_identifier": "",
            "db_instance_arn": "arn:aws:rds:us-east-1:254753841475:db:terraform-20210628221707601200000005",
            "db_instance_class": "db.t3.micro",
            "db_instance_identifier": "terraform-20210628221707601200000005",
            "db_instance_port": 0,
            "db_name": "dbobligatorio",
            "db_parameter_groups": [
              "default.mysql5.7"
            ],
            "db_security_groups": [],
            "db_subnet_group": "subnet_db",
            "enabled_cloudwatch_logs_exports": [],
            "endpoint": "terraform-20210628221707601200000005.csfklxuktwcg.us-east-1.rds.amazonaws.com:3306",
            "engine": "mysql",
            "engine_version": "5.7.26",
            "hosted_zone_id": "Z2R2ITUGPM61AM",
            "id": "terraform-20210628221707601200000005",
            "iops": 0,
            "kms_key_id": "",
            "license_model": "general-public-license",
            "master_username": "ort",
            "monitoring_interval": 0,
            "monitoring_role_arn": "",
            "multi_az": false,
            "option_group_memberships": [
              "default:mysql-5-7"
            ],
            "port": 3306,
            "preferred_backup_window": "00:00-00:50",
            "preferred_maintenance_window": "sat:01:00-sat:04:00",
            "publicly_accessible": false,
            "replicate_source_db": "",
            "resource_id": "db-VKQCUWCDBDXP6I2FVILLIMNXMY",
            "storage_encrypted": false,
            "storage_type": "gp2",
            "tags": {},
            "timezone": "",
            "vpc_security_groups": [
              "sg-078f12d9eba13b17c"
            ]
          },
          "sensitive_attributes": []
        }
      ]
    },
    {
      "mode": "data",
      "type": "aws_eks_cluster",
      "name": "app-cluster",
      "provider": "provider[\"registry.terraform.io/hashicorp/aws\"]",
      "instances": [
        {
          "schema_version": 0,
          "attributes": {
            "arn": "arn:aws:eks:us-east-1:254753841475:cluster/app-cluster",
            "certificate_authority": [
              {
                "data": "LS0tLS1CRUdJTiBDRVJUSUZJQ0FURS0tLS0tCk1JSUM1ekNDQWMrZ0F3SUJBZ0lCQURBTkJna3Foa2lHOXcwQkFRc0ZBREFWTVJNd0VRWURWUVFERXdwcmRXSmwKY201bGRHVnpNQjRYRFRJeE1EWXlPREl5TWpNek5Wb1hEVE14TURZeU5qSXlNak16TlZvd0ZURVRNQkVHQTFVRQpBeE1LYTNWaVpYSnVaWFJsY3pDQ0FTSXdEUVlKS29aSWh2Y05BUUVCQlFBRGdnRVBBRENDQVFvQ2dnRUJBTlJrCmRzSlRvVjRtR1RFYkQrelJDNTA0Z1JzVFl4VHBhWk8vWXJhVzMvVU8zZzZlalFWTEVjQ3JGWG5oRU9UekZMZzgKelpvTXU3WlJmWWhxOTNPMVhzYmhiQlVpdmhSdjltUTRYanhtb2RvckVmV0p0UG1OL3JRTGk0SEk3YmZTZ2pHVgptaGhZcW8ycWh0YnY3ZVdKbzVGSnBZbC9VbUdwUDNOM2dqSGVZYlF4SlNqZ0dLcEx1VTFoQUhUMjE5aEVrcFBTCnNjQlhvWSttVXJMNmZmSU8zdVhYUTFhQVZQbVIwR1MrNTg2Vk5GQkZLNnpUOTBsWHhrMVdrbjZrUEhmeFJKRlkKV2NEQmhhRjJiOTMvdWUrSG1qOXZxcUFPK3VzSm1aVVVCSzVvMnNWMFVlb1FHN3pHMllSaE12ZnZyREdRQjAzVQpVeERkMkJjWDcrc2xoTVVKNXI4Q0F3RUFBYU5DTUVBd0RnWURWUjBQQVFIL0JBUURBZ0trTUE4R0ExVWRFd0VCCi93UUZNQU1CQWY4d0hRWURWUjBPQkJZRUZDakIvRFBSbDVlNnRTSVJYVk1yNndoRXpmWTVNQTBHQ1NxR1NJYjMKRFFFQkN3VUFBNElCQVFCanQ3SWtGV2JEWGVDblN0L0g4bXU0NEttS1BPVHg5RVFNaWtLcDBFU1J0bVRvZHJudQprY2JRUWluOVZvQmloUTBDQWVrbU5JSnRUWDlxVDlFQ0NDZzJERGRaTzFjVzgydWlNY3c3M0U5TU52L2JyOFYrCnpLcnBTWVZsSmdTUTE1Z2xQWUxDUlV6N2Q5bGNRZXdocWdCTVJ1bUMzUCtDU29NekZwMHkwcW1rbU1xWGJKVDAKNE1iM0dxOWk0VmNKWnVpNU5CNFhYQlBXa3BKMFJkUXJKcnBUU1cwVW5UME51Um1IQ1BjQ1Q2alJJWHV3dkdxdgoyaTA5VFN6Mk04VzBmQnhsYi82cnNGOCtUNm1FcFIrMmRFUFVSNnVhVFdmalFPYWNTdE1WcndRNkZ4bjBuSGN6ClhCOWZCSEFWNmNsdDNOSEswT2hKcWN3WWdRczBXVE5WRVVMSAotLS0tLUVORCBDRVJUSUZJQ0FURS0tLS0tCg=="
              }
            ],
            "created_at": "2021-06-28 22:17:09.046 +0000 UTC",
            "enabled_cluster_log_types": [],
            "endpoint": "https://6E882A142B52F920E70FDA9048C02A8B.gr7.us-east-1.eks.amazonaws.com",
            "id": "app-cluster",
            "identity": [
              {
                "oidc": [
                  {
                    "issuer": "https://oidc.eks.us-east-1.amazonaws.com/id/6E882A142B52F920E70FDA9048C02A8B"
                  }
                ]
              }
            ],
            "kubernetes_network_config": [
              {
                "service_ipv4_cidr": "10.100.0.0/16"
              }
            ],
            "name": "app-cluster",
            "platform_version": "eks.5",
            "role_arn": "arn:aws:iam::254753841475:role/eksClusterRole",
            "status": "ACTIVE",
            "tags": {},
            "version": "1.19",
            "vpc_config": [
              {
                "cluster_security_group_id": "sg-05ac57af4c0c077c8",
                "endpoint_private_access": false,
                "endpoint_public_access": true,
                "public_access_cidrs": [
                  "0.0.0.0/0"
                ],
                "security_group_ids": [],
                "subnet_ids": [
                  "subnet-0550f71c4ff484b8e",
                  "subnet-0eeb04fbe20a895a6"
                ],
                "vpc_id": "vpc-0c016b43fdd3c6941"
              }
            ]
          },
          "sensitive_attributes": []
        }
      ]
    },
    {
      "mode": "data",
      "type": "terraform_remote_state",
      "name": "eks",
      "provider": "provider[\"terraform.io/builtin/terraform\"]",
      "instances": [
        {
          "schema_version": 0,
          "attributes": {
            "backend": "local",
            "config": {
              "value": {
                "path": "/home/pablo/ORT/oblicloud/terraform.tfstate"
              },
              "type": [
                "object",
                {
                  "path": "string"
                }
              ]
            },
            "defaults": null,
            "outputs": {
              "value": {
                "db-address": "terraform-20210628221707601200000005.csfklxuktwcg.us-east-1.rds.amazonaws.com",
                "db-id": "terraform-20210628221707601200000005",
                "documentos-fs-dns_name": "fs-c9d6b37d.efs.us-east-1.amazonaws.com",
                "documentos-fs-id": "fs-c9d6b37d",
                "endpoint": "https://6E882A142B52F920E70FDA9048C02A8B.gr7.us-east-1.eks.amazonaws.com",
                "kubeconfig-certificate-authority-data": "LS0tLS1CRUdJTiBDRVJUSUZJQ0FURS0tLS0tCk1JSUM1ekNDQWMrZ0F3SUJBZ0lCQURBTkJna3Foa2lHOXcwQkFRc0ZBREFWTVJNd0VRWURWUVFERXdwcmRXSmwKY201bGRHVnpNQjRYRFRJeE1EWXlPREl5TWpNek5Wb1hEVE14TURZeU5qSXlNak16TlZvd0ZURVRNQkVHQTFVRQpBeE1LYTNWaVpYSnVaWFJsY3pDQ0FTSXdEUVlKS29aSWh2Y05BUUVCQlFBRGdnRVBBRENDQVFvQ2dnRUJBTlJrCmRzSlRvVjRtR1RFYkQrelJDNTA0Z1JzVFl4VHBhWk8vWXJhVzMvVU8zZzZlalFWTEVjQ3JGWG5oRU9UekZMZzgKelpvTXU3WlJmWWhxOTNPMVhzYmhiQlVpdmhSdjltUTRYanhtb2RvckVmV0p0UG1OL3JRTGk0SEk3YmZTZ2pHVgptaGhZcW8ycWh0YnY3ZVdKbzVGSnBZbC9VbUdwUDNOM2dqSGVZYlF4SlNqZ0dLcEx1VTFoQUhUMjE5aEVrcFBTCnNjQlhvWSttVXJMNmZmSU8zdVhYUTFhQVZQbVIwR1MrNTg2Vk5GQkZLNnpUOTBsWHhrMVdrbjZrUEhmeFJKRlkKV2NEQmhhRjJiOTMvdWUrSG1qOXZxcUFPK3VzSm1aVVVCSzVvMnNWMFVlb1FHN3pHMllSaE12ZnZyREdRQjAzVQpVeERkMkJjWDcrc2xoTVVKNXI4Q0F3RUFBYU5DTUVBd0RnWURWUjBQQVFIL0JBUURBZ0trTUE4R0ExVWRFd0VCCi93UUZNQU1CQWY4d0hRWURWUjBPQkJZRUZDakIvRFBSbDVlNnRTSVJYVk1yNndoRXpmWTVNQTBHQ1NxR1NJYjMKRFFFQkN3VUFBNElCQVFCanQ3SWtGV2JEWGVDblN0L0g4bXU0NEttS1BPVHg5RVFNaWtLcDBFU1J0bVRvZHJudQprY2JRUWluOVZvQmloUTBDQWVrbU5JSnRUWDlxVDlFQ0NDZzJERGRaTzFjVzgydWlNY3c3M0U5TU52L2JyOFYrCnpLcnBTWVZsSmdTUTE1Z2xQWUxDUlV6N2Q5bGNRZXdocWdCTVJ1bUMzUCtDU29NekZwMHkwcW1rbU1xWGJKVDAKNE1iM0dxOWk0VmNKWnVpNU5CNFhYQlBXa3BKMFJkUXJKcnBUU1cwVW5UME51Um1IQ1BjQ1Q2alJJWHV3dkdxdgoyaTA5VFN6Mk04VzBmQnhsYi82cnNGOCtUNm1FcFIrMmRFUFVSNnVhVFdmalFPYWNTdE1WcndRNkZ4bjBuSGN6ClhCOWZCSEFWNmNsdDNOSEswT2hKcWN3WWdRczBXVE5WRVVMSAotLS0tLUVORCBDRVJUSUZJQ0FURS0tLS0tCg=="
              },
              "type": [
                "object",
                {
                  "db-address": "string",
                  "db-id": "string",
                  "documentos-fs-dns_name": "string",
                  "documentos-fs-id": "string",
                  "endpoint": "string",
                  "kubeconfig-certificate-authority-data": "string"
                }
              ]
            },
            "workspace": null
          },
          "sensitive_attributes": []
        }
      ]
    },
    {
      "mode": "managed",
      "type": "kubernetes_config_map",
      "name": "configmap-php",
      "provider": "provider[\"registry.terraform.io/hashicorp/kubernetes\"]",
      "instances": [
        {
          "schema_version": 0,
          "attributes": {
            "binary_data": {},
            "data": {
              "db_host": "terraform-20210628221707601200000005.csfklxuktwcg.us-east-1.rds.amazonaws.com",
              "db_name": "dbobligatorio",
              "db_password": "passwordort",
              "db_user": "ort"
            },
            "id": "obligatorio-ns/configmap-php",
            "metadata": [
              {
                "annotations": {},
                "generate_name": "",
                "generation": 0,
                "labels": {},
                "name": "configmap-php",
                "namespace": "obligatorio-ns",
                "resource_version": "20072",
                "uid": "53b4a47b-c883-4dc7-a406-4af3cece24dc"
              }
            ]
          },
          "sensitive_attributes": [],
          "private": "bnVsbA==",
          "dependencies": [
            "data.aws_db_instance.dbobligatorio",
            "data.aws_eks_cluster.app-cluster",
            "data.terraform_remote_state.eks",
            "kubernetes_namespace.obligatorio-ns"
          ]
        }
      ]
    },
    {
      "mode": "managed",
      "type": "kubernetes_deployment",
      "name": "obligatorio-dp",
      "provider": "provider[\"registry.terraform.io/hashicorp/kubernetes\"]",
      "instances": [
        {
          "schema_version": 1,
          "attributes": {
            "id": "obligatorio-ns/obligatorio-dp",
            "metadata": [
              {
                "annotations": {},
                "generate_name": "",
                "generation": 2,
                "labels": {
                  "Name": "obligatorio-dp"
                },
                "name": "obligatorio-dp",
                "namespace": "obligatorio-ns",
                "resource_version": "21525",
                "uid": "939e6e77-0546-4b70-9cbc-4f1dcdc3b877"
              }
            ],
            "spec": [
              {
                "min_ready_seconds": 0,
                "paused": false,
                "progress_deadline_seconds": 600,
                "replicas": "2",
                "revision_history_limit": 10,
                "selector": [
                  {
                    "match_expressions": [],
                    "match_labels": {
                      "name": "obligatorio-dp"
                    }
                  }
                ],
                "strategy": [
                  {
                    "rolling_update": [
                      {
                        "max_surge": "25%",
                        "max_unavailable": "25%"
                      }
                    ],
                    "type": "RollingUpdate"
                  }
                ],
                "template": [
                  {
                    "metadata": [
                      {
                        "annotations": {},
                        "generate_name": "",
                        "generation": 0,
                        "labels": {
                          "name": "obligatorio-dp"
                        },
                        "name": "",
                        "namespace": "",
                        "resource_version": "",
                        "uid": ""
                      }
                    ],
                    "spec": [
                      {
                        "active_deadline_seconds": 0,
                        "affinity": [],
                        "automount_service_account_token": true,
                        "container": [
                          {
                            "args": [],
                            "command": [],
                            "env": [
                              {
                                "name": "dbhost",
                                "value": "terraform-20210628221707601200000005.csfklxuktwcg.us-east-1.rds.amazonaws.com",
                                "value_from": []
                              }
                            ],
                            "env_from": [],
                            "image": "sogeking27/simple-ecomme:v4",
                            "image_pull_policy": "IfNotPresent",
                            "lifecycle": [],
                            "liveness_probe": [],
                            "name": "simple-ecomme",
                            "port": [
                              {
                                "container_port": 80,
                                "host_ip": "",
                                "host_port": 0,
                                "name": "",
                                "protocol": "TCP"
                              }
                            ],
                            "readiness_probe": [],
                            "resources": [
                              {
                                "limits": null,
                                "requests": null
                              }
                            ],
                            "security_context": [],
                            "startup_probe": [],
                            "stdin": false,
                            "stdin_once": false,
                            "termination_message_path": "/dev/termination-log",
                            "termination_message_policy": "File",
                            "tty": false,
                            "volume_mount": [
                              {
                                "mount_path": "/mnt",
                                "mount_propagation": "None",
                                "name": "documentos-efs-pv",
                                "read_only": false,
                                "sub_path": ""
                              }
                            ],
                            "working_dir": ""
                          }
                        ],
                        "dns_config": [],
                        "dns_policy": "ClusterFirst",
                        "enable_service_links": true,
                        "host_aliases": [],
                        "host_ipc": false,
                        "host_network": false,
                        "host_pid": false,
                        "hostname": "",
                        "image_pull_secrets": [],
                        "init_container": [],
                        "node_name": "",
                        "node_selector": {},
                        "priority_class_name": "",
                        "readiness_gate": [],
                        "restart_policy": "Always",
                        "security_context": [],
                        "service_account_name": "",
                        "share_process_namespace": false,
                        "subdomain": "",
                        "termination_grace_period_seconds": 30,
                        "toleration": [],
                        "topology_spread_constraint": [],
                        "volume": [
                          {
                            "aws_elastic_block_store": [],
                            "azure_disk": [],
                            "azure_file": [],
                            "ceph_fs": [],
                            "cinder": [],
                            "config_map": [],
                            "csi": [],
                            "downward_api": [],
                            "empty_dir": [],
                            "fc": [],
                            "flex_volume": [],
                            "flocker": [],
                            "gce_persistent_disk": [],
                            "git_repo": [],
                            "glusterfs": [],
                            "host_path": [],
                            "iscsi": [],
                            "local": [],
                            "name": "",
                            "nfs": [],
                            "persistent_volume_claim": [
                              {
                                "claim_name": "documentos-efs-pvc",
                                "read_only": false
                              }
                            ],
                            "photon_persistent_disk": [],
                            "projected": [],
                            "quobyte": [],
                            "rbd": [],
                            "secret": [],
                            "vsphere_volume": []
                          }
                        ]
                      }
                    ]
                  }
                ]
              }
            ],
            "timeouts": null,
            "wait_for_rollout": true
          },
          "sensitive_attributes": [],
          "private": "eyJlMmJmYjczMC1lY2FhLTExZTYtOGY4OC0zNDM2M2JjN2M0YzAiOnsiY3JlYXRlIjo2MDAwMDAwMDAwMDAsImRlbGV0ZSI6NjAwMDAwMDAwMDAwLCJ1cGRhdGUiOjYwMDAwMDAwMDAwMH0sInNjaGVtYV92ZXJzaW9uIjoiMSJ9",
          "dependencies": [
            "data.aws_eks_cluster.app-cluster",
            "data.terraform_remote_state.eks",
            "kubernetes_namespace.obligatorio-ns"
          ]
        }
      ]
    },
    {
      "mode": "managed",
      "type": "kubernetes_namespace",
      "name": "obligatorio-ns",
      "provider": "provider[\"registry.terraform.io/hashicorp/kubernetes\"]",
      "instances": [
        {
          "schema_version": 0,
          "attributes": {
            "id": "obligatorio-ns",
            "metadata": [
              {
                "annotations": {},
                "generate_name": "",
                "generation": 0,
                "labels": {},
                "name": "obligatorio-ns",
                "resource_version": "20068",
                "uid": "b0351817-201f-4692-bc35-2a31c35dcd44"
              }
            ],
            "timeouts": null
          },
          "sensitive_attributes": [],
          "private": "eyJlMmJmYjczMC1lY2FhLTExZTYtOGY4OC0zNDM2M2JjN2M0YzAiOnsiZGVsZXRlIjozMDAwMDAwMDAwMDB9fQ==",
          "dependencies": [
            "data.aws_eks_cluster.app-cluster"
          ]
        }
      ]
    },
    {
      "mode": "managed",
      "type": "kubernetes_persistent_volume",
      "name": "documentos-efs-pv",
      "provider": "provider[\"registry.terraform.io/hashicorp/kubernetes\"]",
      "instances": [
        {
          "schema_version": 0,
          "attributes": {
            "id": "documentos-efs-pv",
            "metadata": [
              {
                "annotations": {},
                "generation": 0,
                "labels": {},
                "name": "documentos-efs-pv",
                "resource_version": "35683",
                "uid": "fb921938-f5ac-47ab-a162-530786b4c16b"
              }
            ],
            "spec": [
              {
                "access_modes": [
                  "ReadWriteMany"
                ],
                "capacity": {
                  "storage": "2Gi"
                },
                "claim_ref": [
                  {
                    "name": "nfs",
                    "namespace": "obligatorio-ns"
                  }
                ],
                "mount_options": [],
                "node_affinity": [],
                "persistent_volume_reclaim_policy": "Retain",
                "persistent_volume_source": [
                  {
                    "aws_elastic_block_store": [],
                    "azure_disk": [],
                    "azure_file": [],
                    "ceph_fs": [],
                    "cinder": [],
                    "csi": [],
                    "fc": [],
                    "flex_volume": [],
                    "flocker": [],
                    "gce_persistent_disk": [],
                    "glusterfs": [],
                    "host_path": [],
                    "iscsi": [],
                    "local": [],
                    "nfs": [
                      {
                        "path": "/",
                        "read_only": false,
                        "server": "fs-c9d6b37d.efs.us-east-1.amazonaws.com"
                      }
                    ],
                    "photon_persistent_disk": [],
                    "quobyte": [],
                    "rbd": [],
                    "vsphere_volume": []
                  }
                ],
                "storage_class_name": "",
                "volume_mode": "Filesystem"
              }
            ],
            "timeouts": null
          },
          "sensitive_attributes": [],
          "private": "eyJlMmJmYjczMC1lY2FhLTExZTYtOGY4OC0zNDM2M2JjN2M0YzAiOnsiY3JlYXRlIjozMDAwMDAwMDAwMDB9fQ==",
          "dependencies": [
            "data.terraform_remote_state.eks",
            "data.aws_eks_cluster.app-cluster"
          ]
        }
      ]
    },
    {
      "mode": "managed",
      "type": "kubernetes_persistent_volume_claim",
      "name": "documentos-efs-pvc",
      "provider": "provider[\"registry.terraform.io/hashicorp/kubernetes\"]",
      "instances": []
    },
    {
      "mode": "managed",
      "type": "kubernetes_service",
      "name": "obligatorio-service",
      "provider": "provider[\"registry.terraform.io/hashicorp/kubernetes\"]",
      "instances": [
        {
          "schema_version": 1,
          "attributes": {
            "id": "obligatorio-ns/obligatorio-service",
            "metadata": [
              {
                "annotations": {},
                "generate_name": "",
                "generation": 0,
                "labels": {},
                "name": "obligatorio-service",
                "namespace": "obligatorio-ns",
                "resource_version": "20127",
                "uid": "899703b9-7492-4d13-bc18-2547edab9fa5"
              }
            ],
            "spec": [
              {
                "cluster_ip": "10.100.103.171",
                "external_ips": [],
                "external_name": "",
                "external_traffic_policy": "Cluster",
                "health_check_node_port": 0,
                "load_balancer_ip": "",
                "load_balancer_source_ranges": [],
                "port": [
                  {
                    "name": "",
                    "node_port": 31689,
                    "port": 80,
                    "protocol": "TCP",
                    "target_port": "80"
                  }
                ],
                "publish_not_ready_addresses": false,
                "selector": {
                  "name": "obligatorio-dp"
                },
                "session_affinity": "None",
                "type": "LoadBalancer"
              }
            ],
            "status": [
              {
                "load_balancer": [
                  {
                    "ingress": [
                      {
                        "hostname": "a899703b974924d13bc182547edab9fa-1471659125.us-east-1.elb.amazonaws.com",
                        "ip": ""
                      }
                    ]
                  }
                ]
              }
            ],
            "timeouts": null,
            "wait_for_load_balancer": true
          },
          "sensitive_attributes": [],
          "private": "eyJlMmJmYjczMC1lY2FhLTExZTYtOGY4OC0zNDM2M2JjN2M0YzAiOnsiY3JlYXRlIjo2MDAwMDAwMDAwMDB9LCJzY2hlbWFfdmVyc2lvbiI6IjEifQ==",
          "dependencies": [
            "data.aws_eks_cluster.app-cluster",
            "kubernetes_namespace.obligatorio-ns"
          ]
        }
      ]
    }
  ]
}
